github.com/cavaliercoder/badio v0.0.0-20160213150051-ce5280129e9e h1:YYUjy5BRwO5zPtfk+aa2gw255FIIoi93zMmuy19o0bc=
github.com/cavaliercoder/badio v0.0.0-20160213150051-ce5280129e9e/go.mod h1:V284PjgVwSk4ETmz84rpu9ehpGg7swlIH8npP9k2bGw=
github.com/cavaliercoder/go-rpm v0.0.0-20200122174316-8cb9fd9c31a8 h1:jP7ki8Tzx9ThnFPLDhBYAhEpI2+jOURnHQNURgsMvnY=
github.com/cavaliercoder/go-rpm v0.0.0-20200122174316-8cb9fd9c31a8/go.mod h1:AZIh1CCnMrcVm6afFf96PBvE2MRpWFco91z8ObJtgDY=
golang.org/x/crypto v0.0.0-20180608092829-8ac0e0d97ce4 h1:wviDUSmtheHRBfoY8B9U8ELl2USoXi2YFwdGdpIIkzI=
golang.org/x/crypto v0.0.0-20180608092829-8ac0e0d97ce4/go.mod h1:6SG95UA2DQfeDnfUPMdvaQW0Q7yPrPDi9nlGo2tz2b4=
